<?xml version="1.0" encoding="utf-8"?>
<Project ToolsVersion="4.0" xmlns="http://schemas.microsoft.com/developer/msbuild/2003">
  <ItemGroup>
    <Filter Include="Source Files">
      <UniqueIdentifier>{4FC737F1-C7A5-4376-A066-2A32D752A2FF}</UniqueIdentifier>
      <Extensions>cpp;c;cc;cxx;def;odl;idl;hpj;bat;asm;asmx</Extensions>
    </Filter>
    <Filter Include="Header Files">
      <UniqueIdentifier>{93995380-89BD-4b04-88EB-625FBE52EBFB}</UniqueIdentifier>
      <Extensions>h;hh;hpp;hxx;hm;inl;inc;ipp;xsd</Extensions>
    </Filter>
    <Filter Include="Resource Files">
      <UniqueIdentifier>{67DA6AB6-F800-4c08-8B7A-83BB121AAD01}</UniqueIdentifier>
      <Extensions>rc;ico;cur;bmp;dlg;rc2;rct;bin;rgs;gif;jpg;jpeg;jpe;resx;tiff;tif;png;wav;mfcribbon-ms</Extensions>
    </Filter>
    <Filter Include="Assets">
      <UniqueIdentifier>{460b1d85-3fb8-43b2-8cfe-f8af11542598}</UniqueIdentifier>
    </Filter>
    <Filter Include="Assets\Source">
      <UniqueIdentifier>{e76d213d-9318-49ba-aad8-f88aa3750e34}</UniqueIdentifier>
    </Filter>
    <Filter Include="Assets\Header">
      <UniqueIdentifier>{470fd8bd-5ef4-44fa-9edb-75acc387a429}</UniqueIdentifier>
    </Filter>
    <Filter Include="Assets\Abstract">
      <UniqueIdentifier>{199398f3-a67c-4e9a-b7e5-a43b81390572}</UniqueIdentifier>
    </Filter>
    <Filter Include="Scenes">
      <UniqueIdentifier>{0a2bebf3-bab5-4cb4-a993-e7cdcf53192f}</UniqueIdentifier>
    </Filter>
    <Filter Include="Scenes\Header">
      <UniqueIdentifier>{d0b0e93d-d790-422c-b3b3-bced9e979e74}</UniqueIdentifier>
    </Filter>
    <Filter Include="Scenes\Source">
      <UniqueIdentifier>{6c06956c-cc41-4ff8-800f-afca4f4a3d14}</UniqueIdentifier>
    </Filter>
  </ItemGroup>
  <ItemGroup>
    <None Include="packages.config" />
  </ItemGroup>
  <ItemGroup>
    <ClCompile Include="Program.cpp">
      <Filter>Source Files</Filter>
    </ClCompile>
    <ClCompile Include="RenderingGame.cpp">
      <Filter>Source Files</Filter>
    </ClCompile>
    <ClCompile Include="TexturedModelDemo.cpp">
      <Filter>Assets\Abstract</Filter>
    </ClCompile>
    <ClCompile Include="TexturedModelMaterialDemo.cpp">
      <Filter>Assets\Abstract</Filter>
    </ClCompile>
    <ClCompile Include="Earth.cpp">
      <Filter>Assets\Source</Filter>
    </ClCompile>
    <ClCompile Include="PassengerTrain.cpp">
      <Filter>Assets\Source</Filter>
    </ClCompile>
    <ClCompile Include="Track.cpp">
      <Filter>Assets\Source</Filter>
    </ClCompile>
    <ClCompile Include="CargoTrain.cpp">
      <Filter>Assets\Source</Filter>
    </ClCompile>
    <ClCompile Include="TrainLevel.cpp">
      <Filter>Scenes\Source</Filter>
    </ClCompile>
    <ClCompile Include="GameManager.cpp">
      <Filter>Source Files</Filter>
    </ClCompile>
  </ItemGroup>
  <ItemGroup>
    <ClInclude Include="RenderingGame.h">
      <Filter>Header Files</Filter>
    </ClInclude>
    <ClInclude Include="TexturedModelDemo.h">
      <Filter>Assets\Abstract</Filter>
    </ClInclude>
    <ClInclude Include="TexturedModelMaterialDemo.h">
      <Filter>Assets\Abstract</Filter>
    </ClInclude>
    <ClInclude Include="Earth.h">
      <Filter>Assets\Header</Filter>
    </ClInclude>
    <ClInclude Include="PassengerTrain.h">
      <Filter>Assets\Header</Filter>
    </ClInclude>
    <ClInclude Include="Track.h">
      <Filter>Assets\Header</Filter>
    </ClInclude>
    <ClInclude Include="CargoTrain.h">
      <Filter>Assets\Header</Filter>
    </ClInclude>
    <ClInclude Include="TrainLevel.h">
      <Filter>Scenes\Header</Filter>
    </ClInclude>
    <ClInclude Include="GameManager.h">
      <Filter>Header Files</Filter>
    </ClInclude>
  </ItemGroup>
</Project>