<?xml version="1.0" encoding="utf-8"?>
<Project ToolsVersion="4.0" xmlns="http://schemas.microsoft.com/developer/msbuild/2003">
  <ItemGroup>
    <Filter Include="Source Files">
      <UniqueIdentifier>{4FC737F1-C7A5-4376-A066-2A32D752A2FF}</UniqueIdentifier>
      <Extensions>cpp;c;cc;cxx;def;odl;idl;hpj;bat;asm;asmx</Extensions>
    </Filter>
    <Filter Include="Header Files">
      <UniqueIdentifier>{93995380-89BD-4b04-88EB-625FBE52EBFB}</UniqueIdentifier>
      <Extensions>h;hh;hpp;hxx;hm;inl;inc;ipp;xsd</Extensions>
    </Filter>
    <Filter Include="Resource Files">
      <UniqueIdentifier>{67DA6AB6-F800-4c08-8B7A-83BB121AAD01}</UniqueIdentifier>
      <Extensions>rc;ico;cur;bmp;dlg;rc2;rct;bin;rgs;gif;jpg;jpeg;jpe;resx;tiff;tif;png;wav;mfcribbon-ms</Extensions>
    </Filter>
    <Filter Include="Assets">
      <UniqueIdentifier>{460b1d85-3fb8-43b2-8cfe-f8af11542598}</UniqueIdentifier>
    </Filter>
    <Filter Include="Assets\Source">
      <UniqueIdentifier>{e76d213d-9318-49ba-aad8-f88aa3750e34}</UniqueIdentifier>
    </Filter>
    <Filter Include="Assets\Abstract">
      <UniqueIdentifier>{199398f3-a67c-4e9a-b7e5-a43b81390572}</UniqueIdentifier>
    </Filter>
    <Filter Include="Scenes">
      <UniqueIdentifier>{0a2bebf3-bab5-4cb4-a993-e7cdcf53192f}</UniqueIdentifier>
    </Filter>
    <Filter Include="Scenes\Header">
      <UniqueIdentifier>{d0b0e93d-d790-422c-b3b3-bced9e979e74}</UniqueIdentifier>
    </Filter>
    <Filter Include="Scenes\Source">
      <UniqueIdentifier>{6c06956c-cc41-4ff8-800f-afca4f4a3d14}</UniqueIdentifier>
    </Filter>
    <Filter Include="Assets\Header">
      <UniqueIdentifier>{470fd8bd-5ef4-44fa-9edb-75acc387a429}</UniqueIdentifier>
    </Filter>
    <Filter Include="Assets\Abstract\Source">
      <UniqueIdentifier>{963d82e8-cebf-4aea-aeb4-9d008accf860}</UniqueIdentifier>
    </Filter>
    <Filter Include="Assets\Abstract\Header">
      <UniqueIdentifier>{8c6a6254-9462-4baf-ac45-9a7f2245a9c3}</UniqueIdentifier>
    </Filter>
  </ItemGroup>
  <ItemGroup>
    <None Include="packages.config" />
  </ItemGroup>
  <ItemGroup>
    <ClCompile Include="Program.cpp">
      <Filter>Source Files</Filter>
    </ClCompile>
    <ClCompile Include="RenderingGame.cpp">
      <Filter>Source Files</Filter>
    </ClCompile>
    <ClCompile Include="PassengerTrain.cpp">
      <Filter>Assets\Source</Filter>
    </ClCompile>
    <ClCompile Include="Track.cpp">
      <Filter>Assets\Source</Filter>
    </ClCompile>
    <ClCompile Include="CargoTrain.cpp">
      <Filter>Assets\Source</Filter>
    </ClCompile>
    <ClCompile Include="TrainLevel.cpp">
      <Filter>Scenes\Source</Filter>
    </ClCompile>
    <ClCompile Include="GameManager.cpp">
      <Filter>Source Files</Filter>
    </ClCompile>
    <ClCompile Include="MenuLevel.cpp">
      <Filter>Scenes\Source</Filter>
    </ClCompile>
    <ClCompile Include="GreenSoldier.cpp">
      <Filter>Assets\Source</Filter>
    </ClCompile>
    <ClCompile Include="DayLevel.cpp">
      <Filter>Scenes\Source</Filter>
    </ClCompile>
    <ClCompile Include="CityLevel.cpp">
      <Filter>Scenes\Source</Filter>
    </ClCompile>
    <ClCompile Include="GameObjectPusher.cpp">
      <Filter>Source Files</Filter>
    </ClCompile>
    <ClCompile Include="Bench.cpp">
      <Filter>Assets\Source</Filter>
    </ClCompile>
    <ClCompile Include="CreationKitLevel.cpp">
      <Filter>Scenes\Source</Filter>
    </ClCompile>
    <ClCompile Include="ConcreteWall.cpp">
      <Filter>Assets\Source</Filter>
    </ClCompile>
    <ClCompile Include="StoneGround.cpp">
      <Filter>Assets\Source</Filter>
    </ClCompile>
    <ClCompile Include="GrassGround.cpp">
      <Filter>Assets\Source</Filter>
    </ClCompile>
    <ClCompile Include="PlatformGround1.cpp">
      <Filter>Assets\Source</Filter>
    </ClCompile>
    <ClCompile Include="PlatformGround2.cpp">
      <Filter>Assets\Source</Filter>
    </ClCompile>
    <ClCompile Include="Policeman.cpp">
      <Filter>Assets\Source</Filter>
    </ClCompile>
    <ClCompile Include="DoubleStreetLampPost.cpp">
      <Filter>Assets\Source</Filter>
    </ClCompile>
    <ClCompile Include="DoubleStreetLampPostWithMegaphone.cpp">
      <Filter>Assets\Source</Filter>
    </ClCompile>
    <ClCompile Include="SingleStreetLampPost.cpp">
      <Filter>Assets\Source</Filter>
    </ClCompile>
    <ClCompile Include="GameObject.cpp">
      <Filter>Assets\Abstract\Source</Filter>
    </ClCompile>
    <ClCompile Include="TexturedModelMaterialDemo.cpp">
      <Filter>Assets\Abstract\Source</Filter>
    </ClCompile>
    <ClCompile Include="StaticGameObject.cpp">
      <Filter>Assets\Abstract\Source</Filter>
    </ClCompile>
    <ClCompile Include="AnimatedGameObject.cpp">
      <Filter>Assets\Abstract\Source</Filter>
    </ClCompile>
    <ClCompile Include="PathFinding.cpp">
      <Filter>Source Files</Filter>
    </ClCompile>
    <ClCompile Include="PathFinder_Test.cpp">
      <Filter>Scenes\Source</Filter>
    </ClCompile>
    <ClCompile Include="Pathcircles.cpp">
      <Filter>Assets\Source</Filter>
    </ClCompile>
    <ClCompile Include="FarbaMan.cpp">
      <Filter>Assets\Source</Filter>
    </ClCompile>
    <ClCompile Include="GrassGroundNew.cpp">
      <Filter>Assets\Source</Filter>
    </ClCompile>
    <ClCompile Include="Information.cpp">
      <Filter>Assets\Source</Filter>
    </ClCompile>
    <ClCompile Include="InformationBoard.cpp">
      <Filter>Assets\Source</Filter>
    </ClCompile>
    <ClCompile Include="OverheadLines.cpp">
      <Filter>Assets\Source</Filter>
    </ClCompile>
    <ClCompile Include="PlatformNumber1.cpp">
      <Filter>Assets\Source</Filter>
    </ClCompile>
    <ClCompile Include="PlatformNumber2And3.cpp">
      <Filter>Assets\Source</Filter>
    </ClCompile>
    <ClCompile Include="PlatformNumber4.cpp">
      <Filter>Assets\Source</Filter>
    </ClCompile>
    <ClCompile Include="PoliceCar.cpp">
      <Filter>Assets\Source</Filter>
    </ClCompile>
    <ClCompile Include="OldBuilding.cpp">
      <Filter>Assets\Source</Filter>
    </ClCompile>
    <ClCompile Include="LongBuilding.cpp">
      <Filter>Assets\Source</Filter>
    </ClCompile>
    <ClCompile Include="PoliceStation.cpp">
      <Filter>Assets\Source</Filter>
    </ClCompile>
    <ClCompile Include="TrainStationMap.cpp">
      <Filter>Assets\Source</Filter>
    </ClCompile>
  </ItemGroup>
  <ItemGroup>
    <ClInclude Include="PassengerTrain.h">
      <Filter>Assets\Header</Filter>
    </ClInclude>
    <ClInclude Include="Track.h">
      <Filter>Assets\Header</Filter>
    </ClInclude>
    <ClInclude Include="CargoTrain.h">
      <Filter>Assets\Header</Filter>
    </ClInclude>
    <ClInclude Include="TrainLevel.h">
      <Filter>Scenes\Header</Filter>
    </ClInclude>
    <ClInclude Include="GameManager.h">
      <Filter>Header Files</Filter>
    </ClInclude>
    <ClInclude Include="MenuLevel.h">
      <Filter>Scenes\Header</Filter>
    </ClInclude>
    <ClInclude Include="GreenSoldier.h">
      <Filter>Assets\Header</Filter>
    </ClInclude>
    <ClInclude Include="DayLevel.h">
      <Filter>Scenes\Header</Filter>
    </ClInclude>
    <ClInclude Include="AssetList.h">
      <Filter>Assets\Abstract</Filter>
    </ClInclude>
    <ClInclude Include="CityLevel.h">
      <Filter>Scenes\Header</Filter>
    </ClInclude>
    <ClInclude Include="GameObjectPusher.h">
      <Filter>Header Files</Filter>
    </ClInclude>
    <ClInclude Include="Bench.h">
      <Filter>Assets\Header</Filter>
    </ClInclude>
    <ClInclude Include="CreationKitLevel.h">
      <Filter>Scenes\Header</Filter>
    </ClInclude>
    <ClInclude Include="ConcreteWall.h">
      <Filter>Assets\Header</Filter>
    </ClInclude>
    <ClInclude Include="StoneGround.h">
      <Filter>Assets\Header</Filter>
    </ClInclude>
    <ClInclude Include="RenderingGame.h">
      <Filter>Header Files</Filter>
    </ClInclude>
    <ClInclude Include="GrassGround.h">
      <Filter>Assets\Header</Filter>
    </ClInclude>
    <ClInclude Include="PlatformGround1.h">
      <Filter>Assets\Header</Filter>
    </ClInclude>
    <ClInclude Include="PlatformGround2.h">
      <Filter>Assets\Header</Filter>
    </ClInclude>
    <ClInclude Include="Policeman.h">
      <Filter>Assets\Header</Filter>
    </ClInclude>
    <ClInclude Include="DoubleStreetLampPost.h">
      <Filter>Assets\Header</Filter>
    </ClInclude>
    <ClInclude Include="DoubleStreetLampPostWithMegaphone.h">
      <Filter>Assets\Header</Filter>
    </ClInclude>
    <ClInclude Include="SingleStreetLampPost.h">
      <Filter>Assets\Header</Filter>
    </ClInclude>
    <ClInclude Include="GameObject.h">
      <Filter>Assets\Abstract\Header</Filter>
    </ClInclude>
    <ClInclude Include="TexturedModelMaterialDemo.h">
      <Filter>Assets\Abstract\Header</Filter>
    </ClInclude>
    <ClInclude Include="StaticGameObject.h">
      <Filter>Assets\Abstract\Header</Filter>
    </ClInclude>
    <ClInclude Include="AnimatedGameObject.h">
      <Filter>Assets\Abstract\Header</Filter>
    </ClInclude>
    <ClInclude Include="PathFinding.h">
      <Filter>Header Files</Filter>
    </ClInclude>
    <ClInclude Include="PathFinder_Test.h">
      <Filter>Scenes\Header</Filter>
    </ClInclude>
    <ClInclude Include="Pathcircles.h">
      <Filter>Assets\Header</Filter>
    </ClInclude>
    <ClInclude Include="FarbaMan.h">
      <Filter>Assets\Header</Filter>
    </ClInclude>
    <ClInclude Include="GrassGroundNew.h">
      <Filter>Assets\Header</Filter>
    </ClInclude>
    <ClInclude Include="Information.h">
      <Filter>Assets\Header</Filter>
    </ClInclude>
    <ClInclude Include="InformationBoard.h">
      <Filter>Assets\Header</Filter>
    </ClInclude>
    <ClInclude Include="OverheadLines.h">
      <Filter>Assets\Header</Filter>
    </ClInclude>
    <ClInclude Include="PlatformNumber1.h">
      <Filter>Assets\Header</Filter>
    </ClInclude>
    <ClInclude Include="PlatformNumber2And3.h">
      <Filter>Assets\Header</Filter>
    </ClInclude>
    <ClInclude Include="PlatformNumber4.h">
      <Filter>Assets\Header</Filter>
    </ClInclude>
    <ClInclude Include="PoliceCar.h">
      <Filter>Assets\Header</Filter>
    </ClInclude>
    <ClInclude Include="OldBuilding.h">
      <Filter>Assets\Header</Filter>
    </ClInclude>
    <ClInclude Include="LongBuilding.h">
      <Filter>Assets\Header</Filter>
    </ClInclude>
    <ClInclude Include="PoliceStation.h">
      <Filter>Assets\Header</Filter>
    </ClInclude>
    <ClInclude Include="TrainStationMap.h">
      <Filter>Assets\Header</Filter>
    </ClInclude>
  </ItemGroup>
</Project>